
Microsoft Visual Studio Solution File, Format Version 12.00
# Visual Studio Version 17
VisualStudioVersion = 17.5.002.0
MinimumVisualStudioVersion = 10.0.40219.1
Project("{9A19103F-16F7-4668-BE54-9A1E7A4F7556}") = "Taxi", "Taxi.csproj", "{B1285AB1-0255-45E0-BF9A-A5668591587C}"
EndProject
Global
	GlobalSection(SolutionConfigurationPlatforms) = preSolution
		Debug|Any CPU = Debug|Any CPU
		Release|Any CPU = Release|Any CPU
	EndGlobalSection
	GlobalSection(ProjectConfigurationPlatforms) = postSolution
		{B1285AB1-0255-45E0-BF9A-A5668591587C}.Debug|Any CPU.ActiveCfg = Debug|Any CPU
		{B1285AB1-0255-45E0-BF9A-A5668591587C}.Debug|Any CPU.Build.0 = Debug|Any CPU
		{B1285AB1-0255-45E0-BF9A-A5668591587C}.Release|Any CPU.ActiveCfg = Release|Any CPU
		{B1285AB1-0255-45E0-BF9A-A5668591587C}.Release|Any CPU.Build.0 = Release|Any CPU
	EndGlobalSection
	GlobalSection(SolutionProperties) = preSolution
		HideSolutionNode = FALSE
	EndGlobalSection
	GlobalSection(ExtensibilityGlobals) = postSolution
		SolutionGuid = {03476A4B-1597-4645-9548-6A554BA8836A}
	EndGlobalSection
EndGlobal
